
Microsoft Visual Studio Solution File, Format Version 12.00
# Visual Studio Version 17
VisualStudioVersion = 17.0.31903.59
MinimumVisualStudioVersion = 10.0.40219.1
Project("{2150E333-8FDC-42A3-9474-1A3956D46DE8}") = "src", "src", "{827E0CD3-B72D-47B6-A68D-7590B98EB39B}"
EndProject
Project("{FAE04EC0-301F-11D3-BF4B-00C04F79EFBC}") = "ExamFlow.Api", "src\ExamFlow.Api\ExamFlow.Api.csproj", "{D7E5CA79-AC8B-4B83-BFF7-2BEEF9D366B7}"
EndProject
Project("{FAE04EC0-301F-11D3-BF4B-00C04F79EFBC}") = "ExamFlow.Application", "src\ExamFlow.Application\ExamFlow.Application.csproj", "{B38C7CF8-5CFE-4564-AFCE-02442289B89D}"
EndProject
Project("{FAE04EC0-301F-11D3-BF4B-00C04F79EFBC}") = "ExamFlow.Domain", "src\ExamFlow.Domain\ExamFlow.Domain.csproj", "{49F83521-E95D-41B5-8BF4-8D5CFA228E16}"
EndProject
Project("{FAE04EC0-301F-11D3-BF4B-00C04F79EFBC}") = "ExamFlow.Infrastructure", "src\ExamFlow.Infrastructure\ExamFlow.Infrastructure.csproj", "{595E6723-A48A-4C46-B550-355CB967CBC0}"
EndProject
Global
	GlobalSection(SolutionConfigurationPlatforms) = preSolution
		Debug|Any CPU = Debug|Any CPU
		Debug|x64 = Debug|x64
		Debug|x86 = Debug|x86
		Release|Any CPU = Release|Any CPU
		Release|x64 = Release|x64
		Release|x86 = Release|x86
	EndGlobalSection
	GlobalSection(ProjectConfigurationPlatforms) = postSolution
		{D7E5CA79-AC8B-4B83-BFF7-2BEEF9D366B7}.Debug|Any CPU.ActiveCfg = Debug|Any CPU
		{D7E5CA79-AC8B-4B83-BFF7-2BEEF9D366B7}.Debug|Any CPU.Build.0 = Debug|Any CPU
		{D7E5CA79-AC8B-4B83-BFF7-2BEEF9D366B7}.Debug|x64.ActiveCfg = Debug|Any CPU
		{D7E5CA79-AC8B-4B83-BFF7-2BEEF9D366B7}.Debug|x64.Build.0 = Debug|Any CPU
		{D7E5CA79-AC8B-4B83-BFF7-2BEEF9D366B7}.Debug|x86.ActiveCfg = Debug|Any CPU
		{D7E5CA79-AC8B-4B83-BFF7-2BEEF9D366B7}.Debug|x86.Build.0 = Debug|Any CPU
		{D7E5CA79-AC8B-4B83-BFF7-2BEEF9D366B7}.Release|Any CPU.ActiveCfg = Release|Any CPU
		{D7E5CA79-AC8B-4B83-BFF7-2BEEF9D366B7}.Release|Any CPU.Build.0 = Release|Any CPU
		{D7E5CA79-AC8B-4B83-BFF7-2BEEF9D366B7}.Release|x64.ActiveCfg = Release|Any CPU
		{D7E5CA79-AC8B-4B83-BFF7-2BEEF9D366B7}.Release|x64.Build.0 = Release|Any CPU
		{D7E5CA79-AC8B-4B83-BFF7-2BEEF9D366B7}.Release|x86.ActiveCfg = Release|Any CPU
		{D7E5CA79-AC8B-4B83-BFF7-2BEEF9D366B7}.Release|x86.Build.0 = Release|Any CPU
		{B38C7CF8-5CFE-4564-AFCE-02442289B89D}.Debug|Any CPU.ActiveCfg = Debug|Any CPU
		{B38C7CF8-5CFE-4564-AFCE-02442289B89D}.Debug|Any CPU.Build.0 = Debug|Any CPU
		{B38C7CF8-5CFE-4564-AFCE-02442289B89D}.Debug|x64.ActiveCfg = Debug|Any CPU
		{B38C7CF8-5CFE-4564-AFCE-02442289B89D}.Debug|x64.Build.0 = Debug|Any CPU
		{B38C7CF8-5CFE-4564-AFCE-02442289B89D}.Debug|x86.ActiveCfg = Debug|Any CPU
		{B38C7CF8-5CFE-4564-AFCE-02442289B89D}.Debug|x86.Build.0 = Debug|Any CPU
		{B38C7CF8-5CFE-4564-AFCE-02442289B89D}.Release|Any CPU.ActiveCfg = Release|Any CPU
		{B38C7CF8-5CFE-4564-AFCE-02442289B89D}.Release|Any CPU.Build.0 = Release|Any CPU
		{B38C7CF8-5CFE-4564-AFCE-02442289B89D}.Release|x64.ActiveCfg = Release|Any CPU
		{B38C7CF8-5CFE-4564-AFCE-02442289B89D}.Release|x64.Build.0 = Release|Any CPU
		{B38C7CF8-5CFE-4564-AFCE-02442289B89D}.Release|x86.ActiveCfg = Release|Any CPU
		{B38C7CF8-5CFE-4564-AFCE-02442289B89D}.Release|x86.Build.0 = Release|Any CPU
		{49F83521-E95D-41B5-8BF4-8D5CFA228E16}.Debug|Any CPU.ActiveCfg = Debug|Any CPU
		{49F83521-E95D-41B5-8BF4-8D5CFA228E16}.Debug|Any CPU.Build.0 = Debug|Any CPU
		{49F83521-E95D-41B5-8BF4-8D5CFA228E16}.Debug|x64.ActiveCfg = Debug|Any CPU
		{49F83521-E95D-41B5-8BF4-8D5CFA228E16}.Debug|x64.Build.0 = Debug|Any CPU
		{49F83521-E95D-41B5-8BF4-8D5CFA228E16}.Debug|x86.ActiveCfg = Debug|Any CPU
		{49F83521-E95D-41B5-8BF4-8D5CFA228E16}.Debug|x86.Build.0 = Debug|Any CPU
		{49F83521-E95D-41B5-8BF4-8D5CFA228E16}.Release|Any CPU.ActiveCfg = Release|Any CPU
		{49F83521-E95D-41B5-8BF4-8D5CFA228E16}.Release|Any CPU.Build.0 = Release|Any CPU
		{49F83521-E95D-41B5-8BF4-8D5CFA228E16}.Release|x64.ActiveCfg = Release|Any CPU
		{49F83521-E95D-41B5-8BF4-8D5CFA228E16}.Release|x64.Build.0 = Release|Any CPU
		{49F83521-E95D-41B5-8BF4-8D5CFA228E16}.Release|x86.ActiveCfg = Release|Any CPU
		{49F83521-E95D-41B5-8BF4-8D5CFA228E16}.Release|x86.Build.0 = Release|Any CPU
		{595E6723-A48A-4C46-B550-355CB967CBC0}.Debug|Any CPU.ActiveCfg = Debug|Any CPU
		{595E6723-A48A-4C46-B550-355CB967CBC0}.Debug|Any CPU.Build.0 = Debug|Any CPU
		{595E6723-A48A-4C46-B550-355CB967CBC0}.Debug|x64.ActiveCfg = Debug|Any CPU
		{595E6723-A48A-4C46-B550-355CB967CBC0}.Debug|x64.Build.0 = Debug|Any CPU
		{595E6723-A48A-4C46-B550-355CB967CBC0}.Debug|x86.ActiveCfg = Debug|Any CPU
		{595E6723-A48A-4C46-B550-355CB967CBC0}.Debug|x86.Build.0 = Debug|Any CPU
		{595E6723-A48A-4C46-B550-355CB967CBC0}.Release|Any CPU.ActiveCfg = Release|Any CPU
		{595E6723-A48A-4C46-B550-355CB967CBC0}.Release|Any CPU.Build.0 = Release|Any CPU
		{595E6723-A48A-4C46-B550-355CB967CBC0}.Release|x64.ActiveCfg = Release|Any CPU
		{595E6723-A48A-4C46-B550-355CB967CBC0}.Release|x64.Build.0 = Release|Any CPU
		{595E6723-A48A-4C46-B550-355CB967CBC0}.Release|x86.ActiveCfg = Release|Any CPU
		{595E6723-A48A-4C46-B550-355CB967CBC0}.Release|x86.Build.0 = Release|Any CPU
	EndGlobalSection
	GlobalSection(SolutionProperties) = preSolution
		HideSolutionNode = FALSE
	EndGlobalSection
	GlobalSection(NestedProjects) = preSolution
		{D7E5CA79-AC8B-4B83-BFF7-2BEEF9D366B7} = {827E0CD3-B72D-47B6-A68D-7590B98EB39B}
		{B38C7CF8-5CFE-4564-AFCE-02442289B89D} = {827E0CD3-B72D-47B6-A68D-7590B98EB39B}
		{49F83521-E95D-41B5-8BF4-8D5CFA228E16} = {827E0CD3-B72D-47B6-A68D-7590B98EB39B}
		{595E6723-A48A-4C46-B550-355CB967CBC0} = {827E0CD3-B72D-47B6-A68D-7590B98EB39B}
	EndGlobalSection
EndGlobal
